
Microsoft Visual Studio Solution File, Format Version 12.00
# Visual Studio Version 17
VisualStudioVersion = 17.5.33530.505
MinimumVisualStudioVersion = 10.0.40219.1
Project("{8BC9CEB8-8B4A-11D0-8D11-00A0C91BC942}") = "MT3_00_02", "MT3_00_02.vcxproj", "{10B4DD25-187D-4E20-8905-C33A9B0485D3}"
EndProject
Global
	GlobalSection(SolutionConfigurationPlatforms) = preSolution
		Debug|x64 = Debug|x64
		Release|x64 = Release|x64
	EndGlobalSection
	GlobalSection(ProjectConfigurationPlatforms) = postSolution
		{10B4DD25-187D-4E20-8905-C33A9B0485D3}.Debug|x64.ActiveCfg = Debug|x64
		{10B4DD25-187D-4E20-8905-C33A9B0485D3}.Debug|x64.Build.0 = Debug|x64
		{10B4DD25-187D-4E20-8905-C33A9B0485D3}.Release|x64.ActiveCfg = Release|x64
		{10B4DD25-187D-4E20-8905-C33A9B0485D3}.Release|x64.Build.0 = Release|x64
	EndGlobalSection
	GlobalSection(SolutionProperties) = preSolution
		HideSolutionNode = FALSE
	EndGlobalSection
	GlobalSection(ExtensibilityGlobals) = postSolution
		SolutionGuid = {1E670857-C34D-4A4A-95F3-C8F4B5A9F730}
	EndGlobalSection
EndGlobal
